// !$*UTF8*$!
{
	archiveVersion = 1;
	classes = {
	};
	objectVersion = 50;
	objects = {

/* Begin PBXBuildFile section */
		A407F55B220A50A7008466D8 /* AppDelegate.swift in Sources */ = {isa = PBXBuildFile; fileRef = A407F55A220A50A7008466D8 /* AppDelegate.swift */; };
		A407F55D220A50A7008466D8 /* ViewController.swift in Sources */ = {isa = PBXBuildFile; fileRef = A407F55C220A50A7008466D8 /* ViewController.swift */; };
		A407F560220A50A7008466D8 /* Main.storyboard in Resources */ = {isa = PBXBuildFile; fileRef = A407F55E220A50A7008466D8 /* Main.storyboard */; };
		A407F562220A50AA008466D8 /* Assets.xcassets in Resources */ = {isa = PBXBuildFile; fileRef = A407F561220A50AA008466D8 /* Assets.xcassets */; };
		A407F565220A50AA008466D8 /* LaunchScreen.storyboard in Resources */ = {isa = PBXBuildFile; fileRef = A407F563220A50AA008466D8 /* LaunchScreen.storyboard */; };
		A407F570220A50AA008466D8 /* PopcornTests.swift in Sources */ = {isa = PBXBuildFile; fileRef = A407F56F220A50AA008466D8 /* PopcornTests.swift */; };
		A407F57B220A50AA008466D8 /* PopcornUITests.swift in Sources */ = {isa = PBXBuildFile; fileRef = A407F57A220A50AA008466D8 /* PopcornUITests.swift */; };
/* End PBXBuildFile section */

/* Begin PBXContainerItemProxy section */
		A407F56C220A50AA008466D8 /* PBXContainerItemProxy */ = {
			isa = PBXContainerItemProxy;
			containerPortal = A407F54F220A50A7008466D8 /* Project object */;
			proxyType = 1;
			remoteGlobalIDString = A407F556220A50A7008466D8;
			remoteInfo = Popcorn;
		};
		A407F577220A50AA008466D8 /* PBXContainerItemProxy */ = {
			isa = PBXContainerItemProxy;
			containerPortal = A407F54F220A50A7008466D8 /* Project object */;
			proxyType = 1;
			remoteGlobalIDString = A407F556220A50A7008466D8;
			remoteInfo = Popcorn;
		};
/* End PBXContainerItemProxy section */

/* Begin PBXFileReference section */
		A407F557220A50A7008466D8 /* Popcorn.app */ = {isa = PBXFileReference; explicitFileType = wrapper.application; includeInIndex = 0; path = Popcorn.app; sourceTree = BUILT_PRODUCTS_DIR; };
		A407F55A220A50A7008466D8 /* AppDelegate.swift */ = {isa = PBXFileReference; lastKnownFileType = sourcecode.swift; path = AppDelegate.swift; sourceTree = "<group>"; };
		A407F55C220A50A7008466D8 /* ViewController.swift */ = {isa = PBXFileReference; lastKnownFileType = sourcecode.swift; path = ViewController.swift; sourceTree = "<group>"; };
		A407F55F220A50A7008466D8 /* Base */ = {isa = PBXFileReference; lastKnownFileType = file.storyboard; name = Base; path = Base.lproj/Main.storyboard; sourceTree = "<group>"; };
		A407F561220A50AA008466D8 /* Assets.xcassets */ = {isa = PBXFileReference; lastKnownFileType = folder.assetcatalog; path = Assets.xcassets; sourceTree = "<group>"; };
		A407F564220A50AA008466D8 /* Base */ = {isa = PBXFileReference; lastKnownFileType = file.storyboard; name = Base; path = Base.lproj/LaunchScreen.storyboard; sourceTree = "<group>"; };
		A407F566220A50AA008466D8 /* Info.plist */ = {isa = PBXFileReference; lastKnownFileType = text.plist.xml; path = Info.plist; sourceTree = "<group>"; };
		A407F56B220A50AA008466D8 /* PopcornTests.xctest */ = {isa = PBXFileReference; explicitFileType = wrapper.cfbundle; includeInIndex = 0; path = PopcornTests.xctest; sourceTree = BUILT_PRODUCTS_DIR; };
		A407F56F220A50AA008466D8 /* PopcornTests.swift */ = {isa = PBXFileReference; lastKnownFileType = sourcecode.swift; path = PopcornTests.swift; sourceTree = "<group>"; };
		A407F571220A50AA008466D8 /* Info.plist */ = {isa = PBXFileReference; lastKnownFileType = text.plist.xml; path = Info.plist; sourceTree = "<group>"; };
		A407F576220A50AA008466D8 /* PopcornUITests.xctest */ = {isa = PBXFileReference; explicitFileType = wrapper.cfbundle; includeInIndex = 0; path = PopcornUITests.xctest; sourceTree = BUILT_PRODUCTS_DIR; };
		A407F57A220A50AA008466D8 /* PopcornUITests.swift */ = {isa = PBXFileReference; lastKnownFileType = sourcecode.swift; path = PopcornUITests.swift; sourceTree = "<group>"; };
		A407F57C220A50AA008466D8 /* Info.plist */ = {isa = PBXFileReference; lastKnownFileType = text.plist.xml; path = Info.plist; sourceTree = "<group>"; };
/* End PBXFileReference section */

/* Begin PBXFrameworksBuildPhase section */
		A407F554220A50A7008466D8 /* Frameworks */ = {
			isa = PBXFrameworksBuildPhase;
			buildActionMask = 2147483647;
			files = (
			);
			runOnlyForDeploymentPostprocessing = 0;
		};
		A407F568220A50AA008466D8 /* Frameworks */ = {
			isa = PBXFrameworksBuildPhase;
			buildActionMask = 2147483647;
			files = (
			);
			runOnlyForDeploymentPostprocessing = 0;
		};
		A407F573220A50AA008466D8 /* Frameworks */ = {
			isa = PBXFrameworksBuildPhase;
			buildActionMask = 2147483647;
			files = (
			);
			runOnlyForDeploymentPostprocessing = 0;
		};
/* End PBXFrameworksBuildPhase section */

/* Begin PBXGroup section */
		A407F54E220A50A7008466D8 = {
			isa = PBXGroup;
			children = (
				A407F559220A50A7008466D8 /* Popcorn */,
				A407F56E220A50AA008466D8 /* PopcornTests */,
				A407F579220A50AA008466D8 /* PopcornUITests */,
				A407F558220A50A7008466D8 /* Products */,
			);
			sourceTree = "<group>";
		};
		A407F558220A50A7008466D8 /* Products */ = {
			isa = PBXGroup;
			children = (
				A407F557220A50A7008466D8 /* Popcorn.app */,
				A407F56B220A50AA008466D8 /* PopcornTests.xctest */,
				A407F576220A50AA008466D8 /* PopcornUITests.xctest */,
			);
			name = Products;
			sourceTree = "<group>";
		};
		A407F559220A50A7008466D8 /* Popcorn */ = {
			isa = PBXGroup;
			children = (
				A407F55A220A50A7008466D8 /* AppDelegate.swift */,
				A407F55C220A50A7008466D8 /* ViewController.swift */,
				A407F55E220A50A7008466D8 /* Main.storyboard */,
				A407F561220A50AA008466D8 /* Assets.xcassets */,
				A407F563220A50AA008466D8 /* LaunchScreen.storyboard */,
				A407F566220A50AA008466D8 /* Info.plist */,
			);
			path = Popcorn;
			sourceTree = "<group>";
		};
		A407F56E220A50AA008466D8 /* PopcornTests */ = {
			isa = PBXGroup;
			children = (
				A407F56F220A50AA008466D8 /* PopcornTests.swift */,
				A407F571220A50AA008466D8 /* Info.plist */,
			);
			path = PopcornTests;
			sourceTree = "<group>";
		};
		A407F579220A50AA008466D8 /* PopcornUITests */ = {
			isa = PBXGroup;
			children = (
				A407F57A220A50AA008466D8 /* PopcornUITests.swift */,
				A407F57C220A50AA008466D8 /* Info.plist */,
			);
			path = PopcornUITests;
			sourceTree = "<group>";
		};
/* End PBXGroup section */

/* Begin PBXNativeTarget section */
		A407F556220A50A7008466D8 /* Popcorn */ = {
			isa = PBXNativeTarget;
			buildConfigurationList = A407F57F220A50AA008466D8 /* Build configuration list for PBXNativeTarget "Popcorn" */;
			buildPhases = (
				A407F553220A50A7008466D8 /* Sources */,
				A407F554220A50A7008466D8 /* Frameworks */,
				A407F555220A50A7008466D8 /* Resources */,
			);
			buildRules = (
			);
			dependencies = (
			);
			name = Popcorn;
			productName = Popcorn;
			productReference = A407F557220A50A7008466D8 /* Popcorn.app */;
			productType = "com.apple.product-type.application";
		};
		A407F56A220A50AA008466D8 /* PopcornTests */ = {
			isa = PBXNativeTarget;
			buildConfigurationList = A407F582220A50AA008466D8 /* Build configuration list for PBXNativeTarget "PopcornTests" */;
			buildPhases = (
				A407F567220A50AA008466D8 /* Sources */,
				A407F568220A50AA008466D8 /* Frameworks */,
				A407F569220A50AA008466D8 /* Resources */,
			);
			buildRules = (
			);
			dependencies = (
				A407F56D220A50AA008466D8 /* PBXTargetDependency */,
			);
			name = PopcornTests;
			productName = PopcornTests;
			productReference = A407F56B220A50AA008466D8 /* PopcornTests.xctest */;
			productType = "com.apple.product-type.bundle.unit-test";
		};
		A407F575220A50AA008466D8 /* PopcornUITests */ = {
			isa = PBXNativeTarget;
			buildConfigurationList = A407F585220A50AA008466D8 /* Build configuration list for PBXNativeTarget "PopcornUITests" */;
			buildPhases = (
				A407F572220A50AA008466D8 /* Sources */,
				A407F573220A50AA008466D8 /* Frameworks */,
				A407F574220A50AA008466D8 /* Resources */,
			);
			buildRules = (
			);
			dependencies = (
				A407F578220A50AA008466D8 /* PBXTargetDependency */,
			);
			name = PopcornUITests;
			productName = PopcornUITests;
			productReference = A407F576220A50AA008466D8 /* PopcornUITests.xctest */;
			productType = "com.apple.product-type.bundle.ui-testing";
		};
/* End PBXNativeTarget section */

/* Begin PBXProject section */
		A407F54F220A50A7008466D8 /* Project object */ = {
			isa = PBXProject;
			attributes = {
				LastSwiftUpdateCheck = 1000;
				LastUpgradeCheck = 1000;
				TargetAttributes = {
					A407F556220A50A7008466D8 = {
						CreatedOnToolsVersion = 10.0;
					};
					A407F56A220A50AA008466D8 = {
						CreatedOnToolsVersion = 10.0;
						TestTargetID = A407F556220A50A7008466D8;
					};
					A407F575220A50AA008466D8 = {
						CreatedOnToolsVersion = 10.0;
						TestTargetID = A407F556220A50A7008466D8;
					};
				};
			};
			buildConfigurationList = A407F552220A50A7008466D8 /* Build configuration list for PBXProject "Popcorn" */;
			compatibilityVersion = "Xcode 9.3";
			developmentRegion = en;
			hasScannedForEncodings = 0;
			knownRegions = (
				en,
				Base,
			);
			mainGroup = A407F54E220A50A7008466D8;
			productRefGroup = A407F558220A50A7008466D8 /* Products */;
			projectDirPath = "";
			projectRoot = "";
			targets = (
				A407F556220A50A7008466D8 /* Popcorn */,
				A407F56A220A50AA008466D8 /* PopcornTests */,
				A407F575220A50AA008466D8 /* PopcornUITests */,
			);
		};
/* End PBXProject section */

/* Begin PBXResourcesBuildPhase section */
		A407F555220A50A7008466D8 /* Resources */ = {
			isa = PBXResourcesBuildPhase;
			buildActionMask = 2147483647;
			files = (
				A407F565220A50AA008466D8 /* LaunchScreen.storyboard in Resources */,
				A407F562220A50AA008466D8 /* Assets.xcassets in Resources */,
				A407F560220A50A7008466D8 /* Main.storyboard in Resources */,
			);
			runOnlyForDeploymentPostprocessing = 0;
		};
		A407F569220A50AA008466D8 /* Resources */ = {
			isa = PBXResourcesBuildPhase;
			buildActionMask = 2147483647;
			files = (
			);
			runOnlyForDeploymentPostprocessing = 0;
		};
		A407F574220A50AA008466D8 /* Resources */ = {
			isa = PBXResourcesBuildPhase;
			buildActionMask = 2147483647;
			files = (
			);
			runOnlyForDeploymentPostprocessing = 0;
		};
/* End PBXResourcesBuildPhase section */

/* Begin PBXSourcesBuildPhase section */
		A407F553220A50A7008466D8 /* Sources */ = {
			isa = PBXSourcesBuildPhase;
			buildActionMask = 2147483647;
			files = (
				A407F55D220A50A7008466D8 /* ViewController.swift in Sources */,
				A407F55B220A50A7008466D8 /* AppDelegate.swift in Sources */,
			);
			runOnlyForDeploymentPostprocessing = 0;
		};
		A407F567220A50AA008466D8 /* Sources */ = {
			isa = PBXSourcesBuildPhase;
			buildActionMask = 2147483647;
			files = (
				A407F570220A50AA008466D8 /* PopcornTests.swift in Sources */,
			);
			runOnlyForDeploymentPostprocessing = 0;
		};
		A407F572220A50AA008466D8 /* Sources */ = {
			isa = PBXSourcesBuildPhase;
			buildActionMask = 2147483647;
			files = (
				A407F57B220A50AA008466D8 /* PopcornUITests.swift in Sources */,
			);
			runOnlyForDeploymentPostprocessing = 0;
		};
/* End PBXSourcesBuildPhase section */

/* Begin PBXTargetDependency section */
		A407F56D220A50AA008466D8 /* PBXTargetDependency */ = {
			isa = PBXTargetDependency;
			target = A407F556220A50A7008466D8 /* Popcorn */;
			targetProxy = A407F56C220A50AA008466D8 /* PBXContainerItemProxy */;
		};
		A407F578220A50AA008466D8 /* PBXTargetDependency */ = {
			isa = PBXTargetDependency;
			target = A407F556220A50A7008466D8 /* Popcorn */;
			targetProxy = A407F577220A50AA008466D8 /* PBXContainerItemProxy */;
		};
/* End PBXTargetDependency section */

/* Begin PBXVariantGroup section */
		A407F55E220A50A7008466D8 /* Main.storyboard */ = {
			isa = PBXVariantGroup;
			children = (
				A407F55F220A50A7008466D8 /* Base */,
			);
			name = Main.storyboard;
			sourceTree = "<group>";
		};
		A407F563220A50AA008466D8 /* LaunchScreen.storyboard */ = {
			isa = PBXVariantGroup;
			children = (
				A407F564220A50AA008466D8 /* Base */,
			);
			name = LaunchScreen.storyboard;
			sourceTree = "<group>";
		};
/* End PBXVariantGroup section */

/* Begin XCBuildConfiguration section */
		A407F57D220A50AA008466D8 /* Debug */ = {
			isa = XCBuildConfiguration;
			buildSettings = {
				ALWAYS_SEARCH_USER_PATHS = NO;
				CLANG_ANALYZER_NONNULL = YES;
				CLANG_ANALYZER_NUMBER_OBJECT_CONVERSION = YES_AGGRESSIVE;
				CLANG_CXX_LANGUAGE_STANDARD = "gnu++14";
				CLANG_CXX_LIBRARY = "libc++";
				CLANG_ENABLE_MODULES = YES;
				CLANG_ENABLE_OBJC_ARC = YES;
				CLANG_ENABLE_OBJC_WEAK = YES;
				CLANG_WARN_BLOCK_CAPTURE_AUTORELEASING = YES;
				CLANG_WARN_BOOL_CONVERSION = YES;
				CLANG_WARN_COMMA = YES;
				CLANG_WARN_CONSTANT_CONVERSION = YES;
				CLANG_WARN_DEPRECATED_OBJC_IMPLEMENTATIONS = YES;
				CLANG_WARN_DIRECT_OBJC_ISA_USAGE = YES_ERROR;
				CLANG_WARN_DOCUMENTATION_COMMENTS = YES;
				CLANG_WARN_EMPTY_BODY = YES;
				CLANG_WARN_ENUM_CONVERSION = YES;
				CLANG_WARN_INFINITE_RECURSION = YES;
				CLANG_WARN_INT_CONVERSION = YES;
				CLANG_WARN_NON_LITERAL_NULL_CONVERSION = YES;
				CLANG_WARN_OBJC_IMPLICIT_RETAIN_SELF = YES;
				CLANG_WARN_OBJC_LITERAL_CONVERSION = YES;
				CLANG_WARN_OBJC_ROOT_CLASS = YES_ERROR;
				CLANG_WARN_RANGE_LOOP_ANALYSIS = YES;
				CLANG_WARN_STRICT_PROTOTYPES = YES;
				CLANG_WARN_SUSPICIOUS_MOVE = YES;
				CLANG_WARN_UNGUARDED_AVAILABILITY = YES_AGGRESSIVE;
				CLANG_WARN_UNREACHABLE_CODE = YES;
				CLANG_WARN__DUPLICATE_METHOD_MATCH = YES;
				CODE_SIGN_IDENTITY = "iPhone Developer";
				COPY_PHASE_STRIP = NO;
				DEBUG_INFORMATION_FORMAT = dwarf;
				ENABLE_STRICT_OBJC_MSGSEND = YES;
				ENABLE_TESTABILITY = YES;
				GCC_C_LANGUAGE_STANDARD = gnu11;
				GCC_DYNAMIC_NO_PIC = NO;
				GCC_NO_COMMON_BLOCKS = YES;
				GCC_OPTIMIZATION_LEVEL = 0;
				GCC_PREPROCESSOR_DEFINITIONS = (
					"DEBUG=1",
					"$(inherited)",
				);
				GCC_WARN_64_TO_32_BIT_CONVERSION = YES;
				GCC_WARN_ABOUT_RETURN_TYPE = YES_ERROR;
				GCC_WARN_UNDECLARED_SELECTOR = YES;
				GCC_WARN_UNINITIALIZED_AUTOS = YES_AGGRESSIVE;
				GCC_WARN_UNUSED_FUNCTION = YES;
				GCC_WARN_UNUSED_VARIABLE = YES;
				IPHONEOS_DEPLOYMENT_TARGET = 12.0;
				MTL_ENABLE_DEBUG_INFO = INCLUDE_SOURCE;
				MTL_FAST_MATH = YES;
				ONLY_ACTIVE_ARCH = YES;
				SDKROOT = iphoneos;
				SWIFT_ACTIVE_COMPILATION_CONDITIONS = DEBUG;
				SWIFT_OPTIMIZATION_LEVEL = "-Onone";
			};
			name = Debug;
		};
		A407F57E220A50AA008466D8 /* Release */ = {
			isa = XCBuildConfiguration;
			buildSettings = {
				ALWAYS_SEARCH_USER_PATHS = NO;
				CLANG_ANALYZER_NONNULL = YES;
				CLANG_ANALYZER_NUMBER_OBJECT_CONVERSION = YES_AGGRESSIVE;
				CLANG_CXX_LANGUAGE_STANDARD = "gnu++14";
				CLANG_CXX_LIBRARY = "libc++";
				CLANG_ENABLE_MODULES = YES;
				CLANG_ENABLE_OBJC_ARC = YES;
				CLANG_ENABLE_OBJC_WEAK = YES;
				CLANG_WARN_BLOCK_CAPTURE_AUTORELEASING = YES;
				CLANG_WARN_BOOL_CONVERSION = YES;
				CLANG_WARN_COMMA = YES;
				CLANG_WARN_CONSTANT_CONVERSION = YES;
				CLANG_WARN_DEPRECATED_OBJC_IMPLEMENTATIONS = YES;
				CLANG_WARN_DIRECT_OBJC_ISA_USAGE = YES_ERROR;
				CLANG_WARN_DOCUMENTATION_COMMENTS = YES;
				CLANG_WARN_EMPTY_BODY = YES;
				CLANG_WARN_ENUM_CONVERSION = YES;
				CLANG_WARN_INFINITE_RECURSION = YES;
				CLANG_WARN_INT_CONVERSION = YES;
				CLANG_WARN_NON_LITERAL_NULL_CONVERSION = YES;
				CLANG_WARN_OBJC_IMPLICIT_RETAIN_SELF = YES;
				CLANG_WARN_OBJC_LITERAL_CONVERSION = YES;
				CLANG_WARN_OBJC_ROOT_CLASS = YES_ERROR;
				CLANG_WARN_RANGE_LOOP_ANALYSIS = YES;
				CLANG_WARN_STRICT_PROTOTYPES = YES;
				CLANG_WARN_SUSPICIOUS_MOVE = YES;
				CLANG_WARN_UNGUARDED_AVAILABILITY = YES_AGGRESSIVE;
				CLANG_WARN_UNREACHABLE_CODE = YES;
				CLANG_WARN__DUPLICATE_METHOD_MATCH = YES;
				CODE_SIGN_IDENTITY = "iPhone Developer";
				COPY_PHASE_STRIP = NO;
				DEBUG_INFORMATION_FORMAT = "dwarf-with-dsym";
				ENABLE_NS_ASSERTIONS = NO;
				ENABLE_STRICT_OBJC_MSGSEND = YES;
				GCC_C_LANGUAGE_STANDARD = gnu11;
				GCC_NO_COMMON_BLOCKS = YES;
				GCC_WARN_64_TO_32_BIT_CONVERSION = YES;
				GCC_WARN_ABOUT_RETURN_TYPE = YES_ERROR;
				GCC_WARN_UNDECLARED_SELECTOR = YES;
				GCC_WARN_UNINITIALIZED_AUTOS = YES_AGGRESSIVE;
				GCC_WARN_UNUSED_FUNCTION = YES;
				GCC_WARN_UNUSED_VARIABLE = YES;
				IPHONEOS_DEPLOYMENT_TARGET = 12.0;
				MTL_ENABLE_DEBUG_INFO = NO;
				MTL_FAST_MATH = YES;
				SDKROOT = iphoneos;
				SWIFT_COMPILATION_MODE = wholemodule;
				SWIFT_OPTIMIZATION_LEVEL = "-O";
				VALIDATE_PRODUCT = YES;
			};
			name = Release;
		};
		A407F580220A50AA008466D8 /* Debug */ = {
			isa = XCBuildConfiguration;
			buildSettings = {
				ASSETCATALOG_COMPILER_APPICON_NAME = AppIcon;
				CODE_SIGN_STYLE = Automatic;
				DEVELOPMENT_TEAM = HL927BLDC7;
				INFOPLIST_FILE = Popcorn/Info.plist;
				LD_RUNPATH_SEARCH_PATHS = (
					"$(inherited)",
					"@executable_path/Frameworks",
				);
				PRODUCT_BUNDLE_IDENTIFIER = com.aileenmoreno.Popcorn;
				PRODUCT_NAME = "$(TARGET_NAME)";
				SWIFT_VERSION = 4.2;
				TARGETED_DEVICE_FAMILY = "1,2";
			};
			name = Debug;
		};
		A407F581220A50AA008466D8 /* Release */ = {
			isa = XCBuildConfiguration;
			buildSettings = {
				ASSETCATALOG_COMPILER_APPICON_NAME = AppIcon;
				CODE_SIGN_STYLE = Automatic;
				DEVELOPMENT_TEAM = HL927BLDC7;
				INFOPLIST_FILE = Popcorn/Info.plist;
				LD_RUNPATH_SEARCH_PATHS = (
					"$(inherited)",
					"@executable_path/Frameworks",
				);
				PRODUCT_BUNDLE_IDENTIFIER = com.aileenmoreno.Popcorn;
				PRODUCT_NAME = "$(TARGET_NAME)";
				SWIFT_VERSION = 4.2;
				TARGETED_DEVICE_FAMILY = "1,2";
			};
			name = Release;
		};
		A407F583220A50AA008466D8 /* Debug */ = {
			isa = XCBuildConfiguration;
			buildSettings = {
				ALWAYS_EMBED_SWIFT_STANDARD_LIBRARIES = YES;
				BUNDLE_LOADER = "$(TEST_HOST)";
				CODE_SIGN_STYLE = Automatic;
				DEVELOPMENT_TEAM = HL927BLDC7;
				INFOPLIST_FILE = PopcornTests/Info.plist;
				LD_RUNPATH_SEARCH_PATHS = (
					"$(inherited)",
					"@executable_path/Frameworks",
					"@loader_path/Frameworks",
				);
				PRODUCT_BUNDLE_IDENTIFIER = com.aileenmoreno.PopcornTests;
				PRODUCT_NAME = "$(TARGET_NAME)";
				SWIFT_VERSION = 4.2;
				TARGETED_DEVICE_FAMILY = "1,2";
				TEST_HOST = "$(BUILT_PRODUCTS_DIR)/Popcorn.app/Popcorn";
			};
			name = Debug;
		};
		A407F584220A50AA008466D8 /* Release */ = {
			isa = XCBuildConfiguration;
			buildSettings = {
				ALWAYS_EMBED_SWIFT_STANDARD_LIBRARIES = YES;
				BUNDLE_LOADER = "$(TEST_HOST)";
				CODE_SIGN_STYLE = Automatic;
				DEVELOPMENT_TEAM = HL927BLDC7;
				INFOPLIST_FILE = PopcornTests/Info.plist;
				LD_RUNPATH_SEARCH_PATHS = (
					"$(inherited)",
					"@executable_path/Frameworks",
					"@loader_path/Frameworks",
				);
				PRODUCT_BUNDLE_IDENTIFIER = com.aileenmoreno.PopcornTests;
				PRODUCT_NAME = "$(TARGET_NAME)";
				SWIFT_VERSION = 4.2;
				TARGETED_DEVICE_FAMILY = "1,2";
				TEST_HOST = "$(BUILT_PRODUCTS_DIR)/Popcorn.app/Popcorn";
			};
			name = Release;
		};
		A407F586220A50AA008466D8 /* Debug */ = {
			isa = XCBuildConfiguration;
			buildSettings = {
				ALWAYS_EMBED_SWIFT_STANDARD_LIBRARIES = YES;
				CODE_SIGN_STYLE = Automatic;
				DEVELOPMENT_TEAM = HL927BLDC7;
				INFOPLIST_FILE = PopcornUITests/Info.plist;
				LD_RUNPATH_SEARCH_PATHS = (
					"$(inherited)",
					"@executable_path/Frameworks",
					"@loader_path/Frameworks",
				);
				PRODUCT_BUNDLE_IDENTIFIER = com.aileenmoreno.PopcornUITests;
				PRODUCT_NAME = "$(TARGET_NAME)";
				SWIFT_VERSION = 4.2;
				TARGETED_DEVICE_FAMILY = "1,2";
				TEST_TARGET_NAME = Popcorn;
			};
			name = Debug;
		};
		A407F587220A50AA008466D8 /* Release */ = {
			isa = XCBuildConfiguration;
			buildSettings = {
				ALWAYS_EMBED_SWIFT_STANDARD_LIBRARIES = YES;
				CODE_SIGN_STYLE = Automatic;
				DEVELOPMENT_TEAM = HL927BLDC7;
				INFOPLIST_FILE = PopcornUITests/Info.plist;
				LD_RUNPATH_SEARCH_PATHS = (
					"$(inherited)",
					"@executable_path/Frameworks",
					"@loader_path/Frameworks",
				);
				PRODUCT_BUNDLE_IDENTIFIER = com.aileenmoreno.PopcornUITests;
				PRODUCT_NAME = "$(TARGET_NAME)";
				SWIFT_VERSION = 4.2;
				TARGETED_DEVICE_FAMILY = "1,2";
				TEST_TARGET_NAME = Popcorn;
			};
			name = Release;
		};
/* End XCBuildConfiguration section */

/* Begin XCConfigurationList section */
		A407F552220A50A7008466D8 /* Build configuration list for PBXProject "Popcorn" */ = {
			isa = XCConfigurationList;
			buildConfigurations = (
				A407F57D220A50AA008466D8 /* Debug */,
				A407F57E220A50AA008466D8 /* Release */,
			);
			defaultConfigurationIsVisible = 0;
			defaultConfigurationName = Release;
		};
		A407F57F220A50AA008466D8 /* Build configuration list for PBXNativeTarget "Popcorn" */ = {
			isa = XCConfigurationList;
			buildConfigurations = (
				A407F580220A50AA008466D8 /* Debug */,
				A407F581220A50AA008466D8 /* Release */,
			);
			defaultConfigurationIsVisible = 0;
			defaultConfigurationName = Release;
		};
		A407F582220A50AA008466D8 /* Build configuration list for PBXNativeTarget "PopcornTests" */ = {
			isa = XCConfigurationList;
			buildConfigurations = (
				A407F583220A50AA008466D8 /* Debug */,
				A407F584220A50AA008466D8 /* Release */,
			);
			defaultConfigurationIsVisible = 0;
			defaultConfigurationName = Release;
		};
		A407F585220A50AA008466D8 /* Build configuration list for PBXNativeTarget "PopcornUITests" */ = {
			isa = XCConfigurationList;
			buildConfigurations = (
				A407F586220A50AA008466D8 /* Debug */,
				A407F587220A50AA008466D8 /* Release */,
			);
			defaultConfigurationIsVisible = 0;
			defaultConfigurationName = Release;
		};
/* End XCConfigurationList section */
	};
	rootObject = A407F54F220A50A7008466D8 /* Project object */;
}
